# THIS IS AN AUTOGENERATED FILE. DO NOT EDIT THIS FILE DIRECTLY.
# yarn lockfile v1


keytar@^4.1.0:
  version "4.1.0"
  resolved "https://registry.yarnpkg.com/keytar/-/keytar-4.1.0.tgz#9e3933e489d656de1a868e1293709313044989d7"
  dependencies:
    nan "2.5.1"

nan@2.5.1:
  version "2.5.1"
  resolved "https://registry.yarnpkg.com/nan/-/nan-2.5.1.tgz#d5b01691253326a97a2bbee9e61c55d8d60351e2"
